
Microsoft Visual Studio Solution File, Format Version 12.00
# Visual Studio Version 16
VisualStudioVersion = 25.0.1704.0
MinimumVisualStudioVersion = 10.0.40219.1
Project("{FAE04EC0-301F-11D3-BF4B-00C04F79EFBC}") = "KNAB-Assessment", "KNAB-Assessment\KNAB-Assessment.csproj", "{68EADB6F-7512-4C89-A600-6D0A00A3D697}"
EndProject
Global
	GlobalSection(SolutionConfigurationPlatforms) = preSolution
		Debug|Any CPU = Debug|Any CPU
		Release|Any CPU = Release|Any CPU
	EndGlobalSection
	GlobalSection(ProjectConfigurationPlatforms) = postSolution
		{68EADB6F-7512-4C89-A600-6D0A00A3D697}.Debug|Any CPU.ActiveCfg = Debug|Any CPU
		{68EADB6F-7512-4C89-A600-6D0A00A3D697}.Debug|Any CPU.Build.0 = Debug|Any CPU
		{68EADB6F-7512-4C89-A600-6D0A00A3D697}.Release|Any CPU.ActiveCfg = Release|Any CPU
		{68EADB6F-7512-4C89-A600-6D0A00A3D697}.Release|Any CPU.Build.0 = Release|Any CPU
	EndGlobalSection
	GlobalSection(SolutionProperties) = preSolution
		HideSolutionNode = FALSE
	EndGlobalSection
	GlobalSection(ExtensibilityGlobals) = postSolution
		SolutionGuid = {BDA76A9C-BFA3-43A0-8D0E-036D54A567E3}
	EndGlobalSection
EndGlobal
